
Microsoft Visual Studio Solution File, Format Version 12.00
# Visual Studio Version 17
VisualStudioVersion = 17.0.31903.59
MinimumVisualStudioVersion = 10.0.40219.1
Project("{2150E333-8FDC-42A3-9474-1A3956D46DE8}") = "Web", "Web", "{3DCF4144-4568-4A5F-AE4D-30BFF4C6A8EB}"
EndProject
Project("{FAE04EC0-301F-11D3-BF4B-00C04F79EFBC}") = "Shopping.Web.API", "Web\API\Shopping.Web.API.csproj", "{BBF8416E-E714-43A4-90FC-0AAC20EC431C}"
EndProject
Project("{2150E333-8FDC-42A3-9474-1A3956D46DE8}") = "Contracts", "Contracts", "{C5E2F9D4-70CF-4089-A986-95A345541A05}"
EndProject
Project("{FAE04EC0-301F-11D3-BF4B-00C04F79EFBC}") = "Shopping.Contracts.Domain", "Contracts\Domain\Shopping.Contracts.Domain.csproj", "{4D0D198D-674C-4BF8-9EAA-EACA1D00C190}"
EndProject
Project("{FAE04EC0-301F-11D3-BF4B-00C04F79EFBC}") = "Shopping.Contracts.Data", "Contracts\Data\Shopping.Contracts.Data.csproj", "{289A9824-FCC7-41D3-B877-459FD92B0D22}"
EndProject
Project("{2150E333-8FDC-42A3-9474-1A3956D46DE8}") = "Domain", "Domain", "{1306833B-39EE-400B-B020-8A24291E6A78}"
EndProject
Project("{2150E333-8FDC-42A3-9474-1A3956D46DE8}") = "Services", "Services", "{D451055B-2B47-4E72-9EE8-250FCD18D1D0}"
EndProject
Project("{FAE04EC0-301F-11D3-BF4B-00C04F79EFBC}") = "Shopping.Domain.Services.ProductFeaturesExtractor", "Domain\Services\ProductFeaturesExtractor\Shopping.Domain.Services.ProductFeaturesExtractor.csproj", "{C9611A2E-69A2-47BF-95F3-67FD545906C2}"
EndProject
Project("{FAE04EC0-301F-11D3-BF4B-00C04F79EFBC}") = "Shopping.Domain.Services.ProductFeaturesExtractor.Tests", "Domain\Services\ProductFeaturesExtractor.Tests\Shopping.Domain.Services.ProductFeaturesExtractor.Tests.csproj", "{4059C9E2-5D55-4B78-B9F4-A027D7350745}"
EndProject
Project("{2150E333-8FDC-42A3-9474-1A3956D46DE8}") = "Facade", "Facade", "{FACA2FCC-BF39-4505-B791-623E7F2D79EC}"
EndProject
Project("{2150E333-8FDC-42A3-9474-1A3956D46DE8}") = "Import", "Import", "{6C9BEBD9-B9C7-4217-BC1E-B6B5352975E3}"
EndProject
Project("{FAE04EC0-301F-11D3-BF4B-00C04F79EFBC}") = "Import.MT.Tests", "Domain\Facade\Import\MT.Tests\Import.MT.Tests.csproj", "{E67640F3-73D6-444F-ADD7-7DA6136F1E0B}"
EndProject
Project("{FAE04EC0-301F-11D3-BF4B-00C04F79EFBC}") = "Import.MT", "Domain\Facade\Import\MT\Import.MT.csproj", "{2DE342E3-39C1-48AD-AAEB-9E7A0DB53F63}"
EndProject
Project("{2150E333-8FDC-42A3-9474-1A3956D46DE8}") = "Data", "Data", "{8FC357A2-30A3-4C76-AE5F-0D45B1BD2069}"
EndProject
Project("{FAE04EC0-301F-11D3-BF4B-00C04F79EFBC}") = "Shopping.Data.Tests", "Data\Shopping.Data.Tests\Shopping.Data.Tests.csproj", "{DAB272BB-5905-490B-B30C-B75EACE6918B}"
EndProject
Project("{FAE04EC0-301F-11D3-BF4B-00C04F79EFBC}") = "Shopping.Data", "Data\Shopping.Data\Shopping.Data.csproj", "{E9FD4A4B-0BB6-4557-8550-09017C3ADC24}"
EndProject
Global
	GlobalSection(SolutionConfigurationPlatforms) = preSolution
		Debug|Any CPU = Debug|Any CPU
		Release|Any CPU = Release|Any CPU
	EndGlobalSection
	GlobalSection(SolutionProperties) = preSolution
		HideSolutionNode = FALSE
	EndGlobalSection
	GlobalSection(ProjectConfigurationPlatforms) = postSolution
		{BBF8416E-E714-43A4-90FC-0AAC20EC431C}.Debug|Any CPU.ActiveCfg = Debug|Any CPU
		{BBF8416E-E714-43A4-90FC-0AAC20EC431C}.Debug|Any CPU.Build.0 = Debug|Any CPU
		{BBF8416E-E714-43A4-90FC-0AAC20EC431C}.Release|Any CPU.ActiveCfg = Release|Any CPU
		{BBF8416E-E714-43A4-90FC-0AAC20EC431C}.Release|Any CPU.Build.0 = Release|Any CPU
		{4D0D198D-674C-4BF8-9EAA-EACA1D00C190}.Debug|Any CPU.ActiveCfg = Debug|Any CPU
		{4D0D198D-674C-4BF8-9EAA-EACA1D00C190}.Debug|Any CPU.Build.0 = Debug|Any CPU
		{4D0D198D-674C-4BF8-9EAA-EACA1D00C190}.Release|Any CPU.ActiveCfg = Release|Any CPU
		{4D0D198D-674C-4BF8-9EAA-EACA1D00C190}.Release|Any CPU.Build.0 = Release|Any CPU
		{289A9824-FCC7-41D3-B877-459FD92B0D22}.Debug|Any CPU.ActiveCfg = Debug|Any CPU
		{289A9824-FCC7-41D3-B877-459FD92B0D22}.Debug|Any CPU.Build.0 = Debug|Any CPU
		{289A9824-FCC7-41D3-B877-459FD92B0D22}.Release|Any CPU.ActiveCfg = Release|Any CPU
		{289A9824-FCC7-41D3-B877-459FD92B0D22}.Release|Any CPU.Build.0 = Release|Any CPU
		{C9611A2E-69A2-47BF-95F3-67FD545906C2}.Debug|Any CPU.ActiveCfg = Debug|Any CPU
		{C9611A2E-69A2-47BF-95F3-67FD545906C2}.Debug|Any CPU.Build.0 = Debug|Any CPU
		{C9611A2E-69A2-47BF-95F3-67FD545906C2}.Release|Any CPU.ActiveCfg = Release|Any CPU
		{C9611A2E-69A2-47BF-95F3-67FD545906C2}.Release|Any CPU.Build.0 = Release|Any CPU
		{4059C9E2-5D55-4B78-B9F4-A027D7350745}.Debug|Any CPU.ActiveCfg = Debug|Any CPU
		{4059C9E2-5D55-4B78-B9F4-A027D7350745}.Debug|Any CPU.Build.0 = Debug|Any CPU
		{4059C9E2-5D55-4B78-B9F4-A027D7350745}.Release|Any CPU.ActiveCfg = Release|Any CPU
		{4059C9E2-5D55-4B78-B9F4-A027D7350745}.Release|Any CPU.Build.0 = Release|Any CPU
		{E67640F3-73D6-444F-ADD7-7DA6136F1E0B}.Debug|Any CPU.ActiveCfg = Debug|Any CPU
		{E67640F3-73D6-444F-ADD7-7DA6136F1E0B}.Debug|Any CPU.Build.0 = Debug|Any CPU
		{E67640F3-73D6-444F-ADD7-7DA6136F1E0B}.Release|Any CPU.ActiveCfg = Release|Any CPU
		{E67640F3-73D6-444F-ADD7-7DA6136F1E0B}.Release|Any CPU.Build.0 = Release|Any CPU
		{2DE342E3-39C1-48AD-AAEB-9E7A0DB53F63}.Debug|Any CPU.ActiveCfg = Debug|Any CPU
		{2DE342E3-39C1-48AD-AAEB-9E7A0DB53F63}.Debug|Any CPU.Build.0 = Debug|Any CPU
		{2DE342E3-39C1-48AD-AAEB-9E7A0DB53F63}.Release|Any CPU.ActiveCfg = Release|Any CPU
		{2DE342E3-39C1-48AD-AAEB-9E7A0DB53F63}.Release|Any CPU.Build.0 = Release|Any CPU
		{DAB272BB-5905-490B-B30C-B75EACE6918B}.Debug|Any CPU.ActiveCfg = Debug|Any CPU
		{DAB272BB-5905-490B-B30C-B75EACE6918B}.Debug|Any CPU.Build.0 = Debug|Any CPU
		{DAB272BB-5905-490B-B30C-B75EACE6918B}.Release|Any CPU.ActiveCfg = Release|Any CPU
		{DAB272BB-5905-490B-B30C-B75EACE6918B}.Release|Any CPU.Build.0 = Release|Any CPU
		{E9FD4A4B-0BB6-4557-8550-09017C3ADC24}.Debug|Any CPU.ActiveCfg = Debug|Any CPU
		{E9FD4A4B-0BB6-4557-8550-09017C3ADC24}.Debug|Any CPU.Build.0 = Debug|Any CPU
		{E9FD4A4B-0BB6-4557-8550-09017C3ADC24}.Release|Any CPU.ActiveCfg = Release|Any CPU
		{E9FD4A4B-0BB6-4557-8550-09017C3ADC24}.Release|Any CPU.Build.0 = Release|Any CPU
	EndGlobalSection
	GlobalSection(NestedProjects) = preSolution
		{BBF8416E-E714-43A4-90FC-0AAC20EC431C} = {3DCF4144-4568-4A5F-AE4D-30BFF4C6A8EB}
		{4D0D198D-674C-4BF8-9EAA-EACA1D00C190} = {C5E2F9D4-70CF-4089-A986-95A345541A05}
		{289A9824-FCC7-41D3-B877-459FD92B0D22} = {C5E2F9D4-70CF-4089-A986-95A345541A05}
		{D451055B-2B47-4E72-9EE8-250FCD18D1D0} = {1306833B-39EE-400B-B020-8A24291E6A78}
		{C9611A2E-69A2-47BF-95F3-67FD545906C2} = {D451055B-2B47-4E72-9EE8-250FCD18D1D0}
		{4059C9E2-5D55-4B78-B9F4-A027D7350745} = {D451055B-2B47-4E72-9EE8-250FCD18D1D0}
		{FACA2FCC-BF39-4505-B791-623E7F2D79EC} = {1306833B-39EE-400B-B020-8A24291E6A78}
		{6C9BEBD9-B9C7-4217-BC1E-B6B5352975E3} = {FACA2FCC-BF39-4505-B791-623E7F2D79EC}
		{E67640F3-73D6-444F-ADD7-7DA6136F1E0B} = {6C9BEBD9-B9C7-4217-BC1E-B6B5352975E3}
		{2DE342E3-39C1-48AD-AAEB-9E7A0DB53F63} = {6C9BEBD9-B9C7-4217-BC1E-B6B5352975E3}
		{DAB272BB-5905-490B-B30C-B75EACE6918B} = {8FC357A2-30A3-4C76-AE5F-0D45B1BD2069}
		{E9FD4A4B-0BB6-4557-8550-09017C3ADC24} = {8FC357A2-30A3-4C76-AE5F-0D45B1BD2069}
	EndGlobalSection
EndGlobal
